
Microsoft Visual Studio Solution File, Format Version 11.00
# Visual Studio 2010
Project("{FAE04EC0-301F-11D3-BF4B-00C04F79EFBC}") = "BeerniqueWeb", "BeerniqueWeb\BeerniqueWeb.csproj", "{F856F5C8-4855-4880-A483-95E9F54F172F}"
EndProject
Project("{FAE04EC0-301F-11D3-BF4B-00C04F79EFBC}") = "BeerImporter", "BeerImporter\BeerImporter.csproj", "{85FDD08C-B8B1-4B42-9DD3-C3A5ECA9B14A}"
EndProject
Global
	GlobalSection(SolutionConfigurationPlatforms) = preSolution
		Debug|Any CPU = Debug|Any CPU
		Debug|Mixed Platforms = Debug|Mixed Platforms
		Debug|x86 = Debug|x86
		Release|Any CPU = Release|Any CPU
		Release|Mixed Platforms = Release|Mixed Platforms
		Release|x86 = Release|x86
	EndGlobalSection
	GlobalSection(ProjectConfigurationPlatforms) = postSolution
		{F856F5C8-4855-4880-A483-95E9F54F172F}.Debug|Any CPU.ActiveCfg = Debug|Any CPU
		{F856F5C8-4855-4880-A483-95E9F54F172F}.Debug|Any CPU.Build.0 = Debug|Any CPU
		{F856F5C8-4855-4880-A483-95E9F54F172F}.Debug|Mixed Platforms.ActiveCfg = Debug|Any CPU
		{F856F5C8-4855-4880-A483-95E9F54F172F}.Debug|Mixed Platforms.Build.0 = Debug|Any CPU
		{F856F5C8-4855-4880-A483-95E9F54F172F}.Debug|x86.ActiveCfg = Debug|Any CPU
		{F856F5C8-4855-4880-A483-95E9F54F172F}.Release|Any CPU.ActiveCfg = Release|Any CPU
		{F856F5C8-4855-4880-A483-95E9F54F172F}.Release|Any CPU.Build.0 = Release|Any CPU
		{F856F5C8-4855-4880-A483-95E9F54F172F}.Release|Mixed Platforms.ActiveCfg = Release|Any CPU
		{F856F5C8-4855-4880-A483-95E9F54F172F}.Release|Mixed Platforms.Build.0 = Release|Any CPU
		{F856F5C8-4855-4880-A483-95E9F54F172F}.Release|x86.ActiveCfg = Release|Any CPU
		{85FDD08C-B8B1-4B42-9DD3-C3A5ECA9B14A}.Debug|Any CPU.ActiveCfg = Debug|x86
		{85FDD08C-B8B1-4B42-9DD3-C3A5ECA9B14A}.Debug|Mixed Platforms.ActiveCfg = Debug|x86
		{85FDD08C-B8B1-4B42-9DD3-C3A5ECA9B14A}.Debug|Mixed Platforms.Build.0 = Debug|x86
		{85FDD08C-B8B1-4B42-9DD3-C3A5ECA9B14A}.Debug|x86.ActiveCfg = Debug|x86
		{85FDD08C-B8B1-4B42-9DD3-C3A5ECA9B14A}.Debug|x86.Build.0 = Debug|x86
		{85FDD08C-B8B1-4B42-9DD3-C3A5ECA9B14A}.Release|Any CPU.ActiveCfg = Release|x86
		{85FDD08C-B8B1-4B42-9DD3-C3A5ECA9B14A}.Release|Mixed Platforms.ActiveCfg = Release|x86
		{85FDD08C-B8B1-4B42-9DD3-C3A5ECA9B14A}.Release|Mixed Platforms.Build.0 = Release|x86
		{85FDD08C-B8B1-4B42-9DD3-C3A5ECA9B14A}.Release|x86.ActiveCfg = Release|x86
		{85FDD08C-B8B1-4B42-9DD3-C3A5ECA9B14A}.Release|x86.Build.0 = Release|x86
	EndGlobalSection
	GlobalSection(SolutionProperties) = preSolution
		HideSolutionNode = FALSE
	EndGlobalSection
EndGlobal
